{
  "lockfileVersion": 2,
  "configVersion": 1,
  "workspaces": {
    "": {
      "name": "kiln",
      "dependencies": {
        "@oh-my-pi/pi-agent-core": "18.1.3",
        "@oh-my-pi/pi-ai": "18.1.3",
        "@oh-my-pi/pi-catalog": "18.1.3",
        "@oh-my-pi/pi-tui": "18.1.3",
      },
      "devDependencies": {
        "@types/bun": "^1.3.14",
        "typescript": "^5.9.0",
      },
    },
  },
  "packages": {
    "@oh-my-pi/omptype": ["@oh-my-pi/omptype@18.1.3", "", {}, "sha512-Fwj+DpB4TnSRBV9ty7bIExdHSAEEjuxOqrIIP13FP51w+8SkDbubpPR2DmXHIdUn3vI6sNGDtPovcKcO0P9juQ=="],

    "@oh-my-pi/pi-agent-core": ["@oh-my-pi/pi-agent-core@18.1.3", "", { "dependencies": { "@oh-my-pi/pi-ai": "18.1.3", "@oh-my-pi/pi-catalog": "18.1.3", "@oh-my-pi/pi-natives": "18.1.3", "@oh-my-pi/pi-utils": "18.1.3", "@oh-my-pi/pi-wire": "18.1.3", "@oh-my-pi/snapcompact": "18.1.3", "@opentelemetry/api": "^1.9.1" } }, "sha512-FxsAnWDgh/HlIAV9jQAPoOsiniKZCO4WqEvN3ZEAkU+WRbpf/BPc14O8WwAtZCC/CNJRMVZ5d6mIURgSMMwfYg=="],

    "@oh-my-pi/pi-ai": ["@oh-my-pi/pi-ai@18.1.3", "", { "dependencies": { "@oh-my-pi/omptype": "18.1.3", "@oh-my-pi/pi-catalog": "18.1.3", "@oh-my-pi/pi-utils": "18.1.3", "@oh-my-pi/pi-wire": "18.1.3" } }, "sha512-GFsiBRsC5lNed7B0O1PtYYt41LiAXWXr1KaXPmn8nV4r5QIV4dA4QIbOPPMEzipx2hS2g0K4RM6jZAtvAgAOFg=="],

    "@oh-my-pi/pi-catalog": ["@oh-my-pi/pi-catalog@18.1.3", "", { "dependencies": { "@oh-my-pi/omptype": "18.1.3", "@oh-my-pi/pi-utils": "18.1.3" } }, "sha512-uMowOtKltPxmwUDGgm0E9ifzHvPbkabJ42oYBh6YzvXT/Xq4+OVNrR0RI5vXu4vvnwK2LFxPXY4YyyY2fXqt5A=="],

    "@oh-my-pi/pi-natives": ["@oh-my-pi/pi-natives@18.1.3", "", { "optionalDependencies": { "@oh-my-pi/pi-natives-darwin-arm64": "18.1.3", "@oh-my-pi/pi-natives-darwin-x64": "18.1.3", "@oh-my-pi/pi-natives-linux-arm64": "18.1.3", "@oh-my-pi/pi-natives-linux-x64": "18.1.3", "@oh-my-pi/pi-natives-win32-x64": "18.1.3" } }, "sha512-PVk4m8c8/JSWWovQbt0RQlMgCetpmdJDkkb47hCeC+7YLReFm+wg9oXFYqihdcMOCl94XYVEgcv53weewQboQw=="],

    "@oh-my-pi/pi-natives-darwin-arm64": ["@oh-my-pi/pi-natives-darwin-arm64@18.1.3", "", { "os": "darwin", "cpu": "arm64" }, "sha512-ZSCTq7n94EFN3owVyp2BjIYNuW0GY4Ag0TyzPAmdu9XK4VFBzEYZ7N5eOLXcXM448P2cuF5IPbL2sjSiPl0EZg=="],

    "@oh-my-pi/pi-natives-darwin-x64": ["@oh-my-pi/pi-natives-darwin-x64@18.1.3", "", { "os": "darwin", "cpu": "x64" }, "sha512-5d3cLbUq9P7kAV44CC8f7nWwszOJC9CaGlPc4WhyMZRYHPDZFYxXwQrolp/d19RFoGsGzPhz4PvvwU8KVxiPyA=="],

    "@oh-my-pi/pi-natives-linux-arm64": ["@oh-my-pi/pi-natives-linux-arm64@18.1.3", "", { "os": "linux", "cpu": "arm64" }, "sha512-VmKCtuCo0Jp80tFG26IzrrNqHTMLIVg3X25FN795WhnDooGpl1g0R77Z9nR57oFdErNxOyerJmzN+JXLBZHLug=="],

    "@oh-my-pi/pi-natives-linux-x64": ["@oh-my-pi/pi-natives-linux-x64@18.1.3", "", { "os": "linux", "cpu": "x64" }, "sha512-Bs9hutS9TRaJmajyGEkVJR5DXaEgNnmi8xmaLQ4RBhmICR9he+FI4WVhPkyfIBYfj1WcfuFtZwd1FEKQryC2mg=="],

    "@oh-my-pi/pi-natives-win32-x64": ["@oh-my-pi/pi-natives-win32-x64@18.1.3", "", { "os": "win32", "cpu": "x64" }, "sha512-WViSMt+n4UdBA8WclD2WLTJjWF+nb4KCMe5lWa8EDdTCtXKewsuWnbKvsGtLdyJZK7Q7jC9snBOkIoaBxJmy+g=="],

    "@oh-my-pi/pi-tui": ["@oh-my-pi/pi-tui@18.1.3", "", { "dependencies": { "@oh-my-pi/pi-natives": "18.1.3", "@oh-my-pi/pi-utils": "18.1.3" } }, "sha512-+IHsiTRkRoz3y51jYcGLu2ayKVWH+Ad8sHo1MZHPvxm4j3tVJwbX8TcJPB5AiuKdlpfRj20GmtRld0sWvD5P6Q=="],

    "@oh-my-pi/pi-utils": ["@oh-my-pi/pi-utils@18.1.3", "", { "dependencies": { "@oh-my-pi/pi-natives": "18.1.3" } }, "sha512-iVfAe7fFHVeCTf56oUQc6dTW6RsbZSiDwFGa9l3gJC0N87+MtEk2e7AGZZGLUAnd6Sj0+fv5T9cFtG2XNLJh5g=="],

    "@oh-my-pi/pi-wire": ["@oh-my-pi/pi-wire@18.1.3", "", {}, "sha512-/m/Vb/g/Slj7qGM0j1n6M/Tr3CQgtJ5mAdI/hOL4k9pKkBv/Z9ORFADJNvPap9wy9HP7vPfbYxdZcHR7MGRR8Q=="],

    "@oh-my-pi/snapcompact": ["@oh-my-pi/snapcompact@18.1.3", "", { "dependencies": { "@oh-my-pi/pi-ai": "18.1.3", "@oh-my-pi/pi-catalog": "18.1.3", "@oh-my-pi/pi-natives": "18.1.3", "@oh-my-pi/pi-utils": "18.1.3", "@oh-my-pi/pi-wire": "18.1.3" } }, "sha512-JIQlMj3kMH0ahPTeWVmINfn+l2IcS/xViFfLpAplxXC2/ACIGD8lRxDKK0FS/oDtnS57x3ldAhF26iE3VYZb9A=="],

    "@opentelemetry/api": ["@opentelemetry/api@1.9.1", "", {}, "sha512-gLyJlPHPZYdAk1JENA9LeHejZe1Ti77/pTeFm/nMXmQH/HFZlcS/O2XJB+L8fkbrNSqhdtlvjBVjxwUYanNH5Q=="],

    "@types/bun": ["@types/bun@1.4.0", "", { "dependencies": { "bun-types": "1.4.0" } }, "sha512-K+lZULY23vRgK/CfTjFIV+tyifaNdSMlPh9j+6mQ/cLfpOznLyAuzgV/JQysyECpkBQLVMSyvjlr2fBUSA9wFQ=="],

    "@types/node": ["@types/node@26.4.1", "", { "dependencies": { "undici-types": "~8.3.0" } }, "sha512-k97ENvZWtvA6yqz5/FS6a7duDgOPEeOQOc2iKS/nY6mX6qJUKtLnWzQS+Xj6tXweyj6ZcTAK2Qecetnvi9nCLA=="],

    "bun-types": ["bun-types@1.4.0", "", { "dependencies": { "@types/node": "*" } }, "sha512-iIKw23BspnQQYd3prITOBxeUsxBHnwzX6YJfGMuNOZzeNcMmVqzIIVGRm1l69ogaPQmb4wB6BN8mA5bE9YuC5Q=="],

    "typescript": ["typescript@5.9.3", "", { "bin": { "tsc": "bin/tsc", "tsserver": "bin/tsserver" } }, "sha512-jl1vZzPDinLr9eUt3J/t7V6FgNEw9QjvBPdysz9KfQDD41fQrC2Y4vKQdiaUpFT4bXlb1RHhLpp8wtm6M5TgSw=="],

    "undici-types": ["undici-types@8.3.0", "", {}, "sha512-j375ScV60dom+YkPFIfTLcOiPxkN/buHz5GobjLhixFuANaNs3C9l4GmrWqejgXWJ7BbJcFYpTEUkS1Ge8bpZQ=="],
  }
}
