{
  "lockfileVersion": 2,
  "configVersion": 1,
  "workspaces": {
    "": {
      "name": "kiln",
      "dependencies": {
        "@oh-my-pi/pi-agent-core": "18.1.14",
        "@oh-my-pi/pi-ai": "18.1.14",
        "@oh-my-pi/pi-catalog": "18.1.14",
        "@oh-my-pi/pi-tui": "18.1.14",
        "quickjs-emscripten": "0.32.0",
      },
      "devDependencies": {
        "@types/bun": "^1.3.14",
        "typescript": "^5.9.0",
      },
    },
  },
  "packages": {
    "@jitl/quickjs-ffi-types": ["@jitl/quickjs-ffi-types@0.32.0", "", {}, "sha512-v9T+GQpmk43VDJ7d72sf0Nexhk+ArvtUihW27dy7lqAl0zBObFKtSBBIm5RBjwIhE8VwsPPm9PNuvPvNqLWUEg=="],

    "@jitl/quickjs-wasmfile-debug-asyncify": ["@jitl/quickjs-wasmfile-debug-asyncify@0.32.0", "", { "dependencies": { "@jitl/quickjs-ffi-types": "0.32.0" } }, "sha512-EX8zbXwGqCgAE764M+qvkHtyXDi/FUoMBea0JnES7vCM3P7a2+EOZOjGv85wtZ2sJhI1oJ+nekmqpOODFDY+hw=="],

    "@jitl/quickjs-wasmfile-debug-sync": ["@jitl/quickjs-wasmfile-debug-sync@0.32.0", "", { "dependencies": { "@jitl/quickjs-ffi-types": "0.32.0" } }, "sha512-LeYWrPGC1uNCTBWvibo3ZLJj0CSVNYUXvJpXMCmuQ5Sap2cCACc3uvGvYV4homHHBAzfw5akoTqMMS4YFRtw+Q=="],

    "@jitl/quickjs-wasmfile-release-asyncify": ["@jitl/quickjs-wasmfile-release-asyncify@0.32.0", "", { "dependencies": { "@jitl/quickjs-ffi-types": "0.32.0" } }, "sha512-3oSwPfja12ICz4aIblB58cuY8JlEq5Txt8Cut4VLo+LH47QN+mzCnSgnbB03hWzg1LBcc+VyyI9UOag7a1NF+Q=="],

    "@jitl/quickjs-wasmfile-release-sync": ["@jitl/quickjs-wasmfile-release-sync@0.32.0", "", { "dependencies": { "@jitl/quickjs-ffi-types": "0.32.0" } }, "sha512-BKNDI/TPBfGlLNGYpLrhcDGXmIk4xHm4MRAisOBnOzpXVn9HZWsfmMAc9WMBrAHjvvds6HOikKeaOBKdPdpVrg=="],

    "@oh-my-pi/omptype": ["@oh-my-pi/omptype@18.1.14", "", {}, "sha512-qVNddFbC69Q9CFewI8RkNA3jn6x4iEF7/2LyJdoooib1u5jwH1YP4e7iOENDvUIevnYOfzkT4STtOh8m/8FEAA=="],

    "@oh-my-pi/pi-agent-core": ["@oh-my-pi/pi-agent-core@18.1.14", "", { "dependencies": { "@oh-my-pi/pi-ai": "18.1.14", "@oh-my-pi/pi-catalog": "18.1.14", "@oh-my-pi/pi-natives": "18.1.14", "@oh-my-pi/pi-utils": "18.1.14", "@oh-my-pi/pi-wire": "18.1.14", "@oh-my-pi/snapcompact": "18.1.14", "@opentelemetry/api": "^1.9.1" } }, "sha512-gu0vRYNs0QFHbeWwGVO4mZ2K5MH0ujV9zJ5fRXArKJoGfPuf2MEwyhx3uEGOOIwlNaY0mfuiwttwo3uERDoPbw=="],

    "@oh-my-pi/pi-ai": ["@oh-my-pi/pi-ai@18.1.14", "", { "dependencies": { "@oh-my-pi/omptype": "18.1.14", "@oh-my-pi/pi-catalog": "18.1.14", "@oh-my-pi/pi-natives": "18.1.14", "@oh-my-pi/pi-utils": "18.1.14", "@oh-my-pi/pi-wire": "18.1.14" } }, "sha512-dLRFev+4uyiogCDhaXXWylF3A6KSgIFJ9CeOQ36M6YVA3maEODEWtegZWQtrii5HQpQG+0+5LWjWSWKfHbhxow=="],

    "@oh-my-pi/pi-catalog": ["@oh-my-pi/pi-catalog@18.1.14", "", { "dependencies": { "@oh-my-pi/omptype": "18.1.14", "@oh-my-pi/pi-utils": "18.1.14" } }, "sha512-BjUcnEIHYUREc+1I031xdICaG1CYH0KQEcvyOl8rVul3QpIgEq2LX5O3cX1tD+eQXrKo90WbQyaur18qDpqyfg=="],

    "@oh-my-pi/pi-natives": ["@oh-my-pi/pi-natives@18.1.14", "", { "optionalDependencies": { "@oh-my-pi/pi-natives-darwin-arm64": "18.1.14", "@oh-my-pi/pi-natives-darwin-x64": "18.1.14", "@oh-my-pi/pi-natives-linux-arm64": "18.1.14", "@oh-my-pi/pi-natives-linux-x64": "18.1.14", "@oh-my-pi/pi-natives-win32-arm64": "18.1.14", "@oh-my-pi/pi-natives-win32-x64": "18.1.14" } }, "sha512-hpY1EBgQhXoZCP0fJ1qHpmhBOHLsqMS161kQyFSafUgXCjiLvl2FQccnfTfP2NQIC3541FFcgtaNvW4rkej4Mw=="],

    "@oh-my-pi/pi-natives-darwin-arm64": ["@oh-my-pi/pi-natives-darwin-arm64@18.1.14", "", { "os": "darwin", "cpu": "arm64" }, "sha512-6oZRns4L0pjLZ/aq2VVIuuctzchGKdqJ0j2ITWNGCBi89d3K2xf10Db4bO+4P5WQGQGvTc/zaWVb4/oUY0SO5w=="],

    "@oh-my-pi/pi-natives-darwin-x64": ["@oh-my-pi/pi-natives-darwin-x64@18.1.14", "", { "os": "darwin", "cpu": "x64" }, "sha512-l/0oiyeSjG5Nro/NBxpKxzqz7iCPJexcUr6/vmcP63SSOPqci/520ccddf28vjoJpGV7CvvXhNfXjcQMvGZEfw=="],

    "@oh-my-pi/pi-natives-linux-arm64": ["@oh-my-pi/pi-natives-linux-arm64@18.1.14", "", { "os": "linux", "cpu": "arm64" }, "sha512-TjVJnrdOqa86rxmF4r5yOlXuyxoVDt+q3+MO3E5w3K0wri4sHi/W6s88EJyWvpGdZKt2rI7rb+Cg4rSzA3tnqA=="],

    "@oh-my-pi/pi-natives-linux-x64": ["@oh-my-pi/pi-natives-linux-x64@18.1.14", "", { "os": "linux", "cpu": "x64" }, "sha512-Sn+6b/xUtz7HCx+nPmpDt268RHSZVYc8LMUATtSAh3h54pkSYtHnvjoeLWxVGlkUq6p4xR6GesHNxuFosMnvVA=="],

    "@oh-my-pi/pi-natives-win32-arm64": ["@oh-my-pi/pi-natives-win32-arm64@18.1.14", "", { "os": "win32", "cpu": "arm64" }, "sha512-NGQM2jrs/sGwcpaHPf/7CtwPxWnhG5h8lJyRKszBDt95BkfIfzFjTcCmia1fWF9aZ6VFm9rTUucHvwM1jM0hGw=="],

    "@oh-my-pi/pi-natives-win32-x64": ["@oh-my-pi/pi-natives-win32-x64@18.1.14", "", { "os": "win32", "cpu": "x64" }, "sha512-vfDgVRGuMrEncPdL4CFoeit7Rr4qqoHxLaOnCYhfhOWS8ewFJ5pD8LmYV0CmVEDQ5aKFX8At5gwa4elobnlvPg=="],

    "@oh-my-pi/pi-tui": ["@oh-my-pi/pi-tui@18.1.14", "", { "dependencies": { "@oh-my-pi/pi-natives": "18.1.14", "@oh-my-pi/pi-utils": "18.1.14" } }, "sha512-Eq25IEqoiAX5Rraiyuq43dlA03ShZ8wHuJGdzkdBoR9hVqeEkkQsRAmr+APOdExvfTT00vJwaxS5IdN0eJZ2TQ=="],

    "@oh-my-pi/pi-utils": ["@oh-my-pi/pi-utils@18.1.14", "", { "dependencies": { "@oh-my-pi/pi-natives": "18.1.14" } }, "sha512-m+CNVrz+mlYQM2UCOzdFovfpbW8q5aSEH5iXwMCntOfbfRotvmgZeQ/35NnZyu2k5IOB4px7UMzp6pmaalFOlg=="],

    "@oh-my-pi/pi-wire": ["@oh-my-pi/pi-wire@18.1.14", "", {}, "sha512-YmQmDE45mZsreCU/eH4YXtqjJPW25P0SsubXcZnw/hmgC4p4nygOLST7bubwLFbegouoY7mnZhIoomuIV0eD3w=="],

    "@oh-my-pi/snapcompact": ["@oh-my-pi/snapcompact@18.1.14", "", { "dependencies": { "@oh-my-pi/pi-ai": "18.1.14", "@oh-my-pi/pi-catalog": "18.1.14", "@oh-my-pi/pi-natives": "18.1.14", "@oh-my-pi/pi-utils": "18.1.14", "@oh-my-pi/pi-wire": "18.1.14" } }, "sha512-TwT89/gYrjFpKKpaZCLxYDnyjyIAE6XnPlSJ+Yrd0Q1Tsz5t0mV7eu1xL3C2v/KzkEtuX/hY1J2VtSx58Aox/w=="],

    "@opentelemetry/api": ["@opentelemetry/api@1.9.1", "", {}, "sha512-gLyJlPHPZYdAk1JENA9LeHejZe1Ti77/pTeFm/nMXmQH/HFZlcS/O2XJB+L8fkbrNSqhdtlvjBVjxwUYanNH5Q=="],

    "@types/bun": ["@types/bun@1.4.0", "", { "dependencies": { "bun-types": "1.4.0" } }, "sha512-K+lZULY23vRgK/CfTjFIV+tyifaNdSMlPh9j+6mQ/cLfpOznLyAuzgV/JQysyECpkBQLVMSyvjlr2fBUSA9wFQ=="],

    "@types/node": ["@types/node@26.4.1", "", { "dependencies": { "undici-types": "~8.3.0" } }, "sha512-k97ENvZWtvA6yqz5/FS6a7duDgOPEeOQOc2iKS/nY6mX6qJUKtLnWzQS+Xj6tXweyj6ZcTAK2Qecetnvi9nCLA=="],

    "bun-types": ["bun-types@1.4.0", "", { "dependencies": { "@types/node": "*" } }, "sha512-iIKw23BspnQQYd3prITOBxeUsxBHnwzX6YJfGMuNOZzeNcMmVqzIIVGRm1l69ogaPQmb4wB6BN8mA5bE9YuC5Q=="],

    "quickjs-emscripten": ["quickjs-emscripten@0.32.0", "", { "dependencies": { "@jitl/quickjs-wasmfile-debug-asyncify": "0.32.0", "@jitl/quickjs-wasmfile-debug-sync": "0.32.0", "@jitl/quickjs-wasmfile-release-asyncify": "0.32.0", "@jitl/quickjs-wasmfile-release-sync": "0.32.0", "quickjs-emscripten-core": "0.32.0" } }, "sha512-So0Sqw869y/S2oE3Nuc0uT3Dhqgvsj8FSrwBdsuTosVsG8ME5/OcudU1GxsrIFdFABgy17GHnTVO9TYV/bLQcA=="],

    "quickjs-emscripten-core": ["quickjs-emscripten-core@0.32.0", "", { "dependencies": { "@jitl/quickjs-ffi-types": "0.32.0" } }, "sha512-QFnPfjFey8EqknSrSxe1hZrf1/8z7/6s1QzGOmKo6++02r7QRRX7ZoyNaZh7JuVjWsVW87KnQrbZqnHkOAzUyg=="],

    "typescript": ["typescript@5.9.3", "", { "bin": { "tsc": "bin/tsc", "tsserver": "bin/tsserver" } }, "sha512-jl1vZzPDinLr9eUt3J/t7V6FgNEw9QjvBPdysz9KfQDD41fQrC2Y4vKQdiaUpFT4bXlb1RHhLpp8wtm6M5TgSw=="],

    "undici-types": ["undici-types@8.3.0", "", {}, "sha512-j375ScV60dom+YkPFIfTLcOiPxkN/buHz5GobjLhixFuANaNs3C9l4GmrWqejgXWJ7BbJcFYpTEUkS1Ge8bpZQ=="],
  }
}
