# VCC scorer smoke: CPython 3.12, macOS arm64, CPU only.
# Exact audited wheel hashes; no source builds or GPU extras.
# Generated from retained download-manifest.json. Other platforms require a new size/hash audit.
anndata==0.13.3.post0 --hash=sha256:9e5eab0abadff2e97e9ea913d7f234c50bb6bea14e27acf7a5ecf14373e7e18b
annotated-types==0.8.0 --hash=sha256:f072f4d804ea359e4eaf198b1af7a8b0943881a87f31bb764f8bf219bb9419e0
array-api-compat==1.15.0 --hash=sha256:7b1b9c53269061403fd5f45a8de349f16e7887653328bfa0c5f2d45299ff0a8e
cell-eval2==0.16.0 --hash=sha256:c78428ba705a94536e4a55464a34d1905aa5730d4f7e52ea8dbef4e7171d4fbe
certifi==2026.7.22 --hash=sha256:62f22742b58a1a33014a2b6b706588a8d7e2a88ae7bd1a6ebe8c992928483775
cloudpickle==3.1.2 --hash=sha256:9acb47f6afd73f60dc1df93bb801b472f05ff42fa6c84167d25cb206be1fbf4a
contourpy==1.4.0 --hash=sha256:c76f3a5318164db7d9401132fc1b5364b784c613c93fa506e3b5e6d1bf353ec8
cycler==0.12.1 --hash=sha256:85cef7cff222d8644161529808465972e51340599459b8ac3ccbac5a854e0d30
donfig==0.8.1.post1 --hash=sha256:2a3175ce74a06109ff9307d90a230f81215cbac9a751f4d1c6194644b8204f9d
fast-array-utils==1.5 --hash=sha256:08a349dc9cbcfaa59b98bf00e7aa36ef11ddef91128784a65d2eb63c4681b282
fonttools==4.65.0 --hash=sha256:e844a45c9e5ced6536f184cf1a65b5d65e8f7e711993b413e10500a8223622e5
formulaic==1.2.2 --hash=sha256:0f84ff49e3fc9dc0e68ab08a0a9427874021aa6c558e66b44dc634a35739b09b
google-crc32c==1.8.0 --hash=sha256:4b8286b659c1335172e39563ab0a768b8015e88e08329fa5321f774275fc3113
h5py==3.16.0 --hash=sha256:42b012933a83e1a558c673176676a10ce2fd3759976a0fedee1e672d1e04fc9d
interface-meta==2.0.1 --hash=sha256:f38016bef9a4429b6d0792d809be7b65e9781820c674bf7f463999086b6e6323
joblib==1.6.0 --hash=sha256:3dbbf9f6e4b592a2357b854608e980fe6390d131d7a82f011a377ef2ebef7aba
kiwisolver==1.5.1 --hash=sha256:1798e83840c3f627246104c4d8a9639c60fa068adf9ce92b61791781fa8a68c1
legacy-api-wrap==1.5 --hash=sha256:5a8ea50e3e3bcbcdec3447b77034fd0d32cb2cf4089db799238708e4d7e0098d
llvmlite==0.49.0 --hash=sha256:b541c8fac3450db7574d1f53cf9dff83f285bfed9d69bf81fe71fc2a7d4f97fe
matplotlib==3.11.2 --hash=sha256:ef31985c4dedb5f1424e1aec6849a47dd37689cb7fa3c20b1b82187f26806261
narwhals==2.26.0 --hash=sha256:29326d74f107c347fd1009bd58e38d9f7c7c5b51e6de97bc93dbc325d9038b54
natsort==8.4.0 --hash=sha256:4732914fb471f56b5cce04d7bae6f164a592c7712e1c85f9ef585e197299521c
networkx==3.6.1 --hash=sha256:d47fbf302e7d9cbbb9e2555a0d267983d2aa476bac30e90dfbe5669bd57f3762
numba==0.67.0 --hash=sha256:6004d8d5f28d4028687fb2d972d629295b13685943bd2ed5cd8810c3b848e219
numcodecs==0.16.5 --hash=sha256:94ddfa4341d1a3ab99989d13b01b5134abb687d3dab2ead54b450aefe4ad5bd6
numpy==2.5.3 --hash=sha256:a72f874bc9e10e4b8f80426fb49716d5141f64442a0c8418065093ec8017fbb0
packaging==26.3 --hash=sha256:d7193f7c8e4e93f444fde0262bf90af30e16fa0ad0ad44cb553c87339b23cd1c
pandas==3.0.5 --hash=sha256:c2e26bb46934b8a2ca0c3de1d3d606fc5f6746584791b2db264d58cf370e08dc
patsy==1.0.3 --hash=sha256:d3dbebe8fd5f46e29912d030b63c6268647b59bf788a99e2af28a30234cf357c
pillow==12.3.0 --hash=sha256:ffd0c5368496f41b0944be820fcb7a838aa6e623d250b01acf2643939c3f99d7
polars==1.44.2 --hash=sha256:1bb331f17a40d9d931101533dcd33637b66edc61eb377b07020dac16a0f0377b
polars-runtime-32==1.44.2 --hash=sha256:e0fd43720c8222ae39919c8ff891636d53b352706087120e62f83544dd3ff782
pydantic==2.13.5 --hash=sha256:346a034f080da3755d8e9cb5e00e8b07de1d39e4f6e2c87d8ab7cafa0b269a73
pydantic-core==2.46.5 --hash=sha256:a39ac25a9a2fa4072efdb429833c4a4c8009a51ff9eea3eeae131713cd27991e
pydantic-settings==2.15.0 --hash=sha256:0ba092c291c94baceb5eff768aa0d56400a457585bc0175925a5a5510303da42
pynndescent==0.6.0 --hash=sha256:dc8c74844e4c7f5cbd1e0cd6909da86fdc789e6ff4997336e344779c3d5538ef
pyparsing==3.3.2 --hash=sha256:850ba148bd908d7e2411587e247a1e4f0327839c40e2e5e6d05a007ecc69911d
python-dateutil==2.9.0.post0 --hash=sha256:a8b2bc7bffae282281c8140a97d3aa9c14da0b136dfe83f850eea9a5f7470427
python-dotenv==1.2.3 --hash=sha256:904552145e8bfed22162c09dab1c2b9b54fefa7b23ba780f4f26ca0316b0f0d9
pyyaml==6.0.3 --hash=sha256:fc09d0aa354569bc501d4e787133afc08552722d3ab34836a80547331bb5d4a0
scanpy==1.12.4 --hash=sha256:a12a7ca9500e4b247fbb5fb9318fb204907125e411183bad3e9c62e5b988f37c
scikit-learn==1.9.1 --hash=sha256:8c14ce41d561f7749f990b41d6703fe02c4669fbc485e598e069e0a1967b488e
scipy==1.18.1 --hash=sha256:7bbf207c4453ce1ad2e00b17313852b33310b83090c2311bdaf97f93c0380d12
scverse-misc==0.1.6 --hash=sha256:5fc1d262981d100f9936c0729f2c38f13e8284d070c56613a4d07d58dd29c68a
seaborn==0.13.2 --hash=sha256:636f8336facf092165e27924f223d3c62ca560b1f2bb5dff7ab7fad265361987
session-info2==0.4.2 --hash=sha256:dbf5f58769115651fad28e8ffc930b6a848a629a242ce2ecd730d12f5e3e9315
six==1.17.0 --hash=sha256:4721f391ed90541fddacab5acf947aa0d3dc7d27b2e1e8eda2be8970586c3274
statsmodels==0.15.0 --hash=sha256:c6e20788141df134b83ffb43b8cccf135a876188f84124835c86f011f138adee
threadpoolctl==3.6.0 --hash=sha256:43a0b8fd5a2928500110039e43a5eed8480b918967083ea48dc3ab9f13c4a7fb
tqdm==4.70.1 --hash=sha256:c293e525e6fef9c20e8728fd4612df02a0aa31bb5fe91ecd93e123b1b7bffa73
typing-extensions==4.16.0 --hash=sha256:481caa481374e813c1b176ada14e97f1f67a4539ce9cfeb3f350d78d6370c2e8
typing-inspection==0.4.4 --hash=sha256:65b8397ba37ccbce054456aaccddfc91e6e3083c92824df348d96ca832f3f147
umap-learn==0.5.12 --hash=sha256:f2a85d2a2adcb52b541bed9b27a23ca169b56bb1b23283abeebfb8dfb8a42fe5
wrapt==2.4.1 --hash=sha256:24389748f0b9d5b67e478fad4fc8b3f1108422ef80716e48eead6cebcebbff08
zarr==3.3.0 --hash=sha256:323bf5366d4f909052ef6e2e03e7481a7434c3ee75d3a981eb3a71fc1ae22cef

